
Microsoft Visual Studio Solution File, Format Version 12.00
# Visual Studio 15
VisualStudioVersion = 15.0.27703.2047
MinimumVisualStudioVersion = 10.0.40219.1
Project("{9A19103F-16F7-4668-BE54-9A1E7A4F7556}") = "PriceMe", "PriceMe\PriceMe.csproj", "{166AB18D-C368-415F-AEA8-5687E3E033F3}"
EndProject
Global
	GlobalSection(SolutionConfigurationPlatforms) = preSolution
		Debug|Any CPU = Debug|Any CPU
		Release|Any CPU = Release|Any CPU
	EndGlobalSection
	GlobalSection(ProjectConfigurationPlatforms) = postSolution
		{166AB18D-C368-415F-AEA8-5687E3E033F3}.Debug|Any CPU.ActiveCfg = Debug|Any CPU
		{166AB18D-C368-415F-AEA8-5687E3E033F3}.Debug|Any CPU.Build.0 = Debug|Any CPU
		{166AB18D-C368-415F-AEA8-5687E3E033F3}.Release|Any CPU.ActiveCfg = Release|Any CPU
		{166AB18D-C368-415F-AEA8-5687E3E033F3}.Release|Any CPU.Build.0 = Release|Any CPU
	EndGlobalSection
	GlobalSection(SolutionProperties) = preSolution
		HideSolutionNode = FALSE
	EndGlobalSection
	GlobalSection(ExtensibilityGlobals) = postSolution
		SolutionGuid = {238DFB17-8524-4A8C-8689-34C168121B05}
	EndGlobalSection
EndGlobal
